{
  "name": "flowtask-rebuild",
  "version": "1.0.0",
  "lockfileVersion": 3,
  "requires": true,
  "packages": {
    "": {
      "name": "flowtask-rebuild",
      "version": "1.0.0",
      "license": "ISC",
      "devDependencies": {
        "base44": "^0.0.55"
      }
    },
    "node_modules/base44": {
      "version": "0.0.55",
      "resolved": "https://registry.npmjs.org/base44/-/base44-0.0.55.tgz",
      "integrity": "sha512-PnIjZTz97o62NpxRu8KsA3nP1OV2ToGRjCXpTrpWt6NZhxU5OhwWZxaIVWlbZ8BdBCylTWY3+R5LUodAq06EgQ==",
      "dev": true,
      "license": "MIT",
      "bin": {
        "base44": "bin/run.js"
      },
      "engines": {
        "node": ">=20.19.0"
      }
    }
  }
}
